
Microsoft Visual Studio Solution File, Format Version 12.00
# Visual Studio 2012
Project("{FAE04EC0-301F-11D3-BF4B-00C04F79EFBC}") = "Threading.Context", "Threading.Context\Threading.Context.csproj", "{4B8E76E6-FA84-4205-94A1-D4AA5D6A84F6}"
EndProject
Project("{FAE04EC0-301F-11D3-BF4B-00C04F79EFBC}") = "Threading.Context.UnitTests", "Threading.Context.UnitTests\Threading.Context.UnitTests.csproj", "{DC9B3AE4-80C7-41CB-BEEC-5F9870B3DC5B}"
EndProject
Global
	GlobalSection(SolutionConfigurationPlatforms) = preSolution
		Debug|Any CPU = Debug|Any CPU
		Release|Any CPU = Release|Any CPU
	EndGlobalSection
	GlobalSection(ProjectConfigurationPlatforms) = postSolution
		{4B8E76E6-FA84-4205-94A1-D4AA5D6A84F6}.Debug|Any CPU.ActiveCfg = Debug|Any CPU
		{4B8E76E6-FA84-4205-94A1-D4AA5D6A84F6}.Debug|Any CPU.Build.0 = Debug|Any CPU
		{4B8E76E6-FA84-4205-94A1-D4AA5D6A84F6}.Release|Any CPU.ActiveCfg = Release|Any CPU
		{4B8E76E6-FA84-4205-94A1-D4AA5D6A84F6}.Release|Any CPU.Build.0 = Release|Any CPU
		{DC9B3AE4-80C7-41CB-BEEC-5F9870B3DC5B}.Debug|Any CPU.ActiveCfg = Debug|Any CPU
		{DC9B3AE4-80C7-41CB-BEEC-5F9870B3DC5B}.Debug|Any CPU.Build.0 = Debug|Any CPU
		{DC9B3AE4-80C7-41CB-BEEC-5F9870B3DC5B}.Release|Any CPU.ActiveCfg = Release|Any CPU
		{DC9B3AE4-80C7-41CB-BEEC-5F9870B3DC5B}.Release|Any CPU.Build.0 = Release|Any CPU
	EndGlobalSection
	GlobalSection(SolutionProperties) = preSolution
		HideSolutionNode = FALSE
	EndGlobalSection
EndGlobal
